
Microsoft Visual Studio Solution File, Format Version 12.00
# Visual Studio 14
VisualStudioVersion = 14.0.25420.1
MinimumVisualStudioVersion = 10.0.40219.1
Project("{FAE04EC0-301F-11D3-BF4B-00C04F79EFBC}") = "MVC8amSuperStarBatch", "MVC8amSuperStarBatch\MVC8amSuperStarBatch.csproj", "{D2D010A2-F9B5-4375-914B-797BD39298D6}"
EndProject
Project("{FAE04EC0-301F-11D3-BF4B-00C04F79EFBC}") = "DataBaseFirstApproach", "DataBaseFirstApproach\DataBaseFirstApproach.csproj", "{D019C804-CFD7-42C3-A6FA-8E701EAA7B65}"
EndProject
Global
	GlobalSection(SolutionConfigurationPlatforms) = preSolution
		Debug|Any CPU = Debug|Any CPU
		Release|Any CPU = Release|Any CPU
	EndGlobalSection
	GlobalSection(ProjectConfigurationPlatforms) = postSolution
		{D2D010A2-F9B5-4375-914B-797BD39298D6}.Debug|Any CPU.ActiveCfg = Debug|Any CPU
		{D2D010A2-F9B5-4375-914B-797BD39298D6}.Debug|Any CPU.Build.0 = Debug|Any CPU
		{D2D010A2-F9B5-4375-914B-797BD39298D6}.Release|Any CPU.ActiveCfg = Release|Any CPU
		{D2D010A2-F9B5-4375-914B-797BD39298D6}.Release|Any CPU.Build.0 = Release|Any CPU
		{D019C804-CFD7-42C3-A6FA-8E701EAA7B65}.Debug|Any CPU.ActiveCfg = Debug|Any CPU
		{D019C804-CFD7-42C3-A6FA-8E701EAA7B65}.Debug|Any CPU.Build.0 = Debug|Any CPU
		{D019C804-CFD7-42C3-A6FA-8E701EAA7B65}.Release|Any CPU.ActiveCfg = Release|Any CPU
		{D019C804-CFD7-42C3-A6FA-8E701EAA7B65}.Release|Any CPU.Build.0 = Release|Any CPU
	EndGlobalSection
	GlobalSection(SolutionProperties) = preSolution
		HideSolutionNode = FALSE
	EndGlobalSection
EndGlobal
